
Microsoft Visual Studio Solution File, Format Version 12.00
# Visual Studio Version 17
VisualStudioVersion = 17.11.35303.130
MinimumVisualStudioVersion = 10.0.40219.1
Project("{FAE04EC0-301F-11D3-BF4B-00C04F79EFBC}") = "WebSale", "WebSale\WebSale.csproj", "{E7FAE065-11AA-4006-9076-5EF571518931}"
EndProject
Global
	GlobalSection(SolutionConfigurationPlatforms) = preSolution
		Debug|Any CPU = Debug|Any CPU
		Release|Any CPU = Release|Any CPU
	EndGlobalSection
	GlobalSection(ProjectConfigurationPlatforms) = postSolution
		{E7FAE065-11AA-4006-9076-5EF571518931}.Debug|Any CPU.ActiveCfg = Debug|Any CPU
		{E7FAE065-11AA-4006-9076-5EF571518931}.Debug|Any CPU.Build.0 = Debug|Any CPU
		{E7FAE065-11AA-4006-9076-5EF571518931}.Release|Any CPU.ActiveCfg = Release|Any CPU
		{E7FAE065-11AA-4006-9076-5EF571518931}.Release|Any CPU.Build.0 = Release|Any CPU
	EndGlobalSection
	GlobalSection(SolutionProperties) = preSolution
		HideSolutionNode = FALSE
	EndGlobalSection
	GlobalSection(ExtensibilityGlobals) = postSolution
		SolutionGuid = {C03793F4-77D6-4FB9-9862-ED81389CA044}
	EndGlobalSection
EndGlobal
